
Microsoft Visual Studio Solution File, Format Version 12.00
# Visual Studio 15
VisualStudioVersion = 15.0.28010.2016
MinimumVisualStudioVersion = 10.0.40219.1
Project("{FAE04EC0-301F-11D3-BF4B-00C04F79EFBC}") = "ParcialDos", "ParcialDos\ParcialDos.csproj", "{A70068F5-77C3-47B4-AF84-F47A3B59327D}"
EndProject
Global
	GlobalSection(SolutionConfigurationPlatforms) = preSolution
		Debug|Any CPU = Debug|Any CPU
		Release|Any CPU = Release|Any CPU
	EndGlobalSection
	GlobalSection(ProjectConfigurationPlatforms) = postSolution
		{A70068F5-77C3-47B4-AF84-F47A3B59327D}.Debug|Any CPU.ActiveCfg = Debug|Any CPU
		{A70068F5-77C3-47B4-AF84-F47A3B59327D}.Debug|Any CPU.Build.0 = Debug|Any CPU
		{A70068F5-77C3-47B4-AF84-F47A3B59327D}.Release|Any CPU.ActiveCfg = Release|Any CPU
		{A70068F5-77C3-47B4-AF84-F47A3B59327D}.Release|Any CPU.Build.0 = Release|Any CPU
	EndGlobalSection
	GlobalSection(SolutionProperties) = preSolution
		HideSolutionNode = FALSE
	EndGlobalSection
	GlobalSection(ExtensibilityGlobals) = postSolution
		SolutionGuid = {B11F7E43-D49C-4267-9CC2-3C424F18FD4F}
	EndGlobalSection
EndGlobal
